
Microsoft Visual Studio Solution File, Format Version 12.00
# Visual Studio 14
VisualStudioVersion = 14.0.25420.1
MinimumVisualStudioVersion = 10.0.40219.1
Project("{FAE04EC0-301F-11D3-BF4B-00C04F79EFBC}") = "PhotoExploration", "PhotoExploration\PhotoExploration.csproj", "{1A7DEEF1-2F73-49DA-AF12-DCBCDF2C7828}"
EndProject
Project("{FAE04EC0-301F-11D3-BF4B-00C04F79EFBC}") = "PhotoExploration.Tests", "PhotoExploration.Tests\PhotoExploration.Tests.csproj", "{400E233E-E2D0-433F-9C46-0D6043DFEFF1}"
EndProject
Project("{FAE04EC0-301F-11D3-BF4B-00C04F79EFBC}") = "PhotoExploration.Domain", "PhotoExploration.Domain\PhotoExploration.Domain.csproj", "{F40029A8-2B4C-4E7E-9AE2-7AF7E444931A}"
EndProject
Global
	GlobalSection(SolutionConfigurationPlatforms) = preSolution
		Debug|Any CPU = Debug|Any CPU
		Release|Any CPU = Release|Any CPU
	EndGlobalSection
	GlobalSection(ProjectConfigurationPlatforms) = postSolution
		{1A7DEEF1-2F73-49DA-AF12-DCBCDF2C7828}.Debug|Any CPU.ActiveCfg = Debug|Any CPU
		{1A7DEEF1-2F73-49DA-AF12-DCBCDF2C7828}.Debug|Any CPU.Build.0 = Debug|Any CPU
		{1A7DEEF1-2F73-49DA-AF12-DCBCDF2C7828}.Release|Any CPU.ActiveCfg = Release|Any CPU
		{1A7DEEF1-2F73-49DA-AF12-DCBCDF2C7828}.Release|Any CPU.Build.0 = Release|Any CPU
		{400E233E-E2D0-433F-9C46-0D6043DFEFF1}.Debug|Any CPU.ActiveCfg = Debug|Any CPU
		{400E233E-E2D0-433F-9C46-0D6043DFEFF1}.Debug|Any CPU.Build.0 = Debug|Any CPU
		{400E233E-E2D0-433F-9C46-0D6043DFEFF1}.Release|Any CPU.ActiveCfg = Release|Any CPU
		{400E233E-E2D0-433F-9C46-0D6043DFEFF1}.Release|Any CPU.Build.0 = Release|Any CPU
		{F40029A8-2B4C-4E7E-9AE2-7AF7E444931A}.Debug|Any CPU.ActiveCfg = Debug|Any CPU
		{F40029A8-2B4C-4E7E-9AE2-7AF7E444931A}.Debug|Any CPU.Build.0 = Debug|Any CPU
		{F40029A8-2B4C-4E7E-9AE2-7AF7E444931A}.Release|Any CPU.ActiveCfg = Release|Any CPU
		{F40029A8-2B4C-4E7E-9AE2-7AF7E444931A}.Release|Any CPU.Build.0 = Release|Any CPU
	EndGlobalSection
	GlobalSection(SolutionProperties) = preSolution
		HideSolutionNode = FALSE
	EndGlobalSection
EndGlobal
